// !$*UTF8*$!
{
	archiveVersion = 1;
	classes = {
	};
	objectVersion = 46;
	objects = {

/* Begin PBXBuildFile section */
		1E224C181DB881BE00346837 /* CellItem.swift in Sources */ = {isa = PBXBuildFile; fileRef = 1E224C171DB881BE00346837 /* CellItem.swift */; };
		1E224C1A1DB8B60800346837 /* ViewScroll.swift in Sources */ = {isa = PBXBuildFile; fileRef = 1E224C191DB8B60800346837 /* ViewScroll.swift */; };
		1E63511A1DB777E40095E8D2 /* AppDelegate.swift in Sources */ = {isa = PBXBuildFile; fileRef = 1E6351191DB777E40095E8D2 /* AppDelegate.swift */; };
		1E63511C1DB777E40095E8D2 /* ViewController.swift in Sources */ = {isa = PBXBuildFile; fileRef = 1E63511B1DB777E40095E8D2 /* ViewController.swift */; };
		1E63511F1DB777E40095E8D2 /* Main.storyboard in Resources */ = {isa = PBXBuildFile; fileRef = 1E63511D1DB777E40095E8D2 /* Main.storyboard */; };
		1E6351211DB777E40095E8D2 /* Assets.xcassets in Resources */ = {isa = PBXBuildFile; fileRef = 1E6351201DB777E40095E8D2 /* Assets.xcassets */; };
		1E6351241DB777E40095E8D2 /* LaunchScreen.storyboard in Resources */ = {isa = PBXBuildFile; fileRef = 1E6351221DB777E40095E8D2 /* LaunchScreen.storyboard */; };
		1E63512C1DB77B470095E8D2 /* ViewHome.swift in Sources */ = {isa = PBXBuildFile; fileRef = 1E63512B1DB77B470095E8D2 /* ViewHome.swift */; };
		1E63512F1DB77C720095E8D2 /* items.plist in Resources */ = {isa = PBXBuildFile; fileRef = 1E63512E1DB77C720095E8D2 /* items.plist */; };
		1E63513A1DB77F010095E8D2 /* 2hqdfsqpdehgl.jpg in Resources */ = {isa = PBXBuildFile; fileRef = 1E6351331DB77F010095E8D2 /* 2hqdfsqpdehgl.jpg */; };
		1E63513B1DB77F010095E8D2 /* 4dafc9ca-th.jpg in Resources */ = {isa = PBXBuildFile; fileRef = 1E6351341DB77F010095E8D2 /* 4dafc9ca-th.jpg */; };
		1E63513D1DB77F010095E8D2 /* 011360-full.jpg in Resources */ = {isa = PBXBuildFile; fileRef = 1E6351361DB77F010095E8D2 /* 011360-full.jpg */; };
		1E63513E1DB77F010095E8D2 /* autovina.jpg in Resources */ = {isa = PBXBuildFile; fileRef = 1E6351371DB77F010095E8D2 /* autovina.jpg */; };
		1E63513F1DB77F010095E8D2 /* cars-girl-and-car-jpg-88223.jpg in Resources */ = {isa = PBXBuildFile; fileRef = 1E6351381DB77F010095E8D2 /* cars-girl-and-car-jpg-88223.jpg */; };
		1E6351401DB77F010095E8D2 /* cars-nissan.jpg in Resources */ = {isa = PBXBuildFile; fileRef = 1E6351391DB77F010095E8D2 /* cars-nissan.jpg */; };
		1E6351481DB77F1E0095E8D2 /* Ghost_Rider.jpg in Resources */ = {isa = PBXBuildFile; fileRef = 1E6351411DB77F1E0095E8D2 /* Ghost_Rider.jpg */; };
		1E6351491DB77F1E0095E8D2 /* girl-car.jpg in Resources */ = {isa = PBXBuildFile; fileRef = 1E6351421DB77F1E0095E8D2 /* girl-car.jpg */; };
		1E63514A1DB77F1E0095E8D2 /* honda-cbr-600-rr-1.jpg in Resources */ = {isa = PBXBuildFile; fileRef = 1E6351431DB77F1E0095E8D2 /* honda-cbr-600-rr-1.jpg */; };
		1E63514B1DB77F1E0095E8D2 /* modif trend girl5.jpg in Resources */ = {isa = PBXBuildFile; fileRef = 1E6351441DB77F1E0095E8D2 /* modif trend girl5.jpg */; };
		1E63514C1DB77F1E0095E8D2 /* moto.jpg in Resources */ = {isa = PBXBuildFile; fileRef = 1E6351451DB77F1E0095E8D2 /* moto.jpg */; };
		1E63514D1DB77F1E0095E8D2 /* motor.62057.jpg in Resources */ = {isa = PBXBuildFile; fileRef = 1E6351461DB77F1E0095E8D2 /* motor.62057.jpg */; };
		1E63514E1DB77F1E0095E8D2 /* motorbike girl.jpg in Resources */ = {isa = PBXBuildFile; fileRef = 1E6351471DB77F1E0095E8D2 /* motorbike girl.jpg */; };
		1E6351581DB77F320095E8D2 /* nguoi-dep-va-sieu-xe-1.jpg in Resources */ = {isa = PBXBuildFile; fileRef = 1E63514F1DB77F320095E8D2 /* nguoi-dep-va-sieu-xe-1.jpg */; };
		1E6351591DB77F320095E8D2 /* nguoi-dep-va-sieu-xe-12.jpg in Resources */ = {isa = PBXBuildFile; fileRef = 1E6351501DB77F320095E8D2 /* nguoi-dep-va-sieu-xe-12.jpg */; };
		1E63515A1DB77F320095E8D2 /* NPADucati1098RSD1.jpg in Resources */ = {isa = PBXBuildFile; fileRef = 1E6351511DB77F320095E8D2 /* NPADucati1098RSD1.jpg */; };
		1E63515B1DB77F320095E8D2 /* pham_tran_kim_chi_giaoduc.net.vn_4.jpg in Resources */ = {isa = PBXBuildFile; fileRef = 1E6351521DB77F320095E8D2 /* pham_tran_kim_chi_giaoduc.net.vn_4.jpg */; };
		1E63515C1DB77F320095E8D2 /* Photo-motorcycle.jpg in Resources */ = {isa = PBXBuildFile; fileRef = 1E6351531DB77F320095E8D2 /* Photo-motorcycle.jpg */; };
		1E63515D1DB77F320095E8D2 /* pin_up_girl.jpg in Resources */ = {isa = PBXBuildFile; fileRef = 1E6351541DB77F320095E8D2 /* pin_up_girl.jpg */; };
		1E63515E1DB77F320095E8D2 /* sexy_girl_and_luxury_car.jpg in Resources */ = {isa = PBXBuildFile; fileRef = 1E6351551DB77F320095E8D2 /* sexy_girl_and_luxury_car.jpg */; };
		1E63515F1DB77F320095E8D2 /* sieu-xe-4.jpg in Resources */ = {isa = PBXBuildFile; fileRef = 1E6351561DB77F320095E8D2 /* sieu-xe-4.jpg */; };
		1E6351601DB77F320095E8D2 /* Stock-Photo.jpg in Resources */ = {isa = PBXBuildFile; fileRef = 1E6351571DB77F320095E8D2 /* Stock-Photo.jpg */; };
		1E6351631DB782370095E8D2 /* Item.swift in Sources */ = {isa = PBXBuildFile; fileRef = 1E6351621DB782370095E8D2 /* Item.swift */; };
/* End PBXBuildFile section */

/* Begin PBXFileReference section */
		1E224C171DB881BE00346837 /* CellItem.swift */ = {isa = PBXFileReference; fileEncoding = 4; lastKnownFileType = sourcecode.swift; path = CellItem.swift; sourceTree = "<group>"; };
		1E224C191DB8B60800346837 /* ViewScroll.swift */ = {isa = PBXFileReference; fileEncoding = 4; lastKnownFileType = sourcecode.swift; path = ViewScroll.swift; sourceTree = "<group>"; };
		1E6351161DB777E40095E8D2 /* MotorShop.app */ = {isa = PBXFileReference; explicitFileType = wrapper.application; includeInIndex = 0; path = MotorShop.app; sourceTree = BUILT_PRODUCTS_DIR; };
		1E6351191DB777E40095E8D2 /* AppDelegate.swift */ = {isa = PBXFileReference; lastKnownFileType = sourcecode.swift; path = AppDelegate.swift; sourceTree = "<group>"; };
		1E63511B1DB777E40095E8D2 /* ViewController.swift */ = {isa = PBXFileReference; lastKnownFileType = sourcecode.swift; path = ViewController.swift; sourceTree = "<group>"; };
		1E63511E1DB777E40095E8D2 /* Base */ = {isa = PBXFileReference; lastKnownFileType = file.storyboard; name = Base; path = Base.lproj/Main.storyboard; sourceTree = "<group>"; };
		1E6351201DB777E40095E8D2 /* Assets.xcassets */ = {isa = PBXFileReference; lastKnownFileType = folder.assetcatalog; path = Assets.xcassets; sourceTree = "<group>"; };
		1E6351231DB777E40095E8D2 /* Base */ = {isa = PBXFileReference; lastKnownFileType = file.storyboard; name = Base; path = Base.lproj/LaunchScreen.storyboard; sourceTree = "<group>"; };
		1E6351251DB777E40095E8D2 /* Info.plist */ = {isa = PBXFileReference; lastKnownFileType = text.plist.xml; path = Info.plist; sourceTree = "<group>"; };
		1E63512B1DB77B470095E8D2 /* ViewHome.swift */ = {isa = PBXFileReference; fileEncoding = 4; lastKnownFileType = sourcecode.swift; path = ViewHome.swift; sourceTree = "<group>"; };
		1E63512E1DB77C720095E8D2 /* items.plist */ = {isa = PBXFileReference; fileEncoding = 4; lastKnownFileType = text.plist.xml; path = items.plist; sourceTree = "<group>"; };
		1E6351331DB77F010095E8D2 /* 2hqdfsqpdehgl.jpg */ = {isa = PBXFileReference; lastKnownFileType = image.jpeg; path = 2hqdfsqpdehgl.jpg; sourceTree = "<group>"; };
		1E6351341DB77F010095E8D2 /* 4dafc9ca-th.jpg */ = {isa = PBXFileReference; lastKnownFileType = image.jpeg; path = "4dafc9ca-th.jpg"; sourceTree = "<group>"; };
		1E6351361DB77F010095E8D2 /* 011360-full.jpg */ = {isa = PBXFileReference; lastKnownFileType = image.jpeg; path = "011360-full.jpg"; sourceTree = "<group>"; };
		1E6351371DB77F010095E8D2 /* autovina.jpg */ = {isa = PBXFileReference; lastKnownFileType = image.jpeg; path = autovina.jpg; sourceTree = "<group>"; };
		1E6351381DB77F010095E8D2 /* cars-girl-and-car-jpg-88223.jpg */ = {isa = PBXFileReference; lastKnownFileType = image.jpeg; path = "cars-girl-and-car-jpg-88223.jpg"; sourceTree = "<group>"; };
		1E6351391DB77F010095E8D2 /* cars-nissan.jpg */ = {isa = PBXFileReference; lastKnownFileType = image.jpeg; path = "cars-nissan.jpg"; sourceTree = "<group>"; };
		1E6351411DB77F1E0095E8D2 /* Ghost_Rider.jpg */ = {isa = PBXFileReference; lastKnownFileType = image.jpeg; path = Ghost_Rider.jpg; sourceTree = "<group>"; };
		1E6351421DB77F1E0095E8D2 /* girl-car.jpg */ = {isa = PBXFileReference; lastKnownFileType = image.jpeg; path = "girl-car.jpg"; sourceTree = "<group>"; };
		1E6351431DB77F1E0095E8D2 /* honda-cbr-600-rr-1.jpg */ = {isa = PBXFileReference; lastKnownFileType = image.jpeg; path = "honda-cbr-600-rr-1.jpg"; sourceTree = "<group>"; };
		1E6351441DB77F1E0095E8D2 /* modif trend girl5.jpg */ = {isa = PBXFileReference; lastKnownFileType = image.jpeg; path = "modif trend girl5.jpg"; sourceTree = "<group>"; };
		1E6351451DB77F1E0095E8D2 /* moto.jpg */ = {isa = PBXFileReference; lastKnownFileType = image.jpeg; path = moto.jpg; sourceTree = "<group>"; };
		1E6351461DB77F1E0095E8D2 /* motor.62057.jpg */ = {isa = PBXFileReference; lastKnownFileType = image.jpeg; path = motor.62057.jpg; sourceTree = "<group>"; };
		1E6351471DB77F1E0095E8D2 /* motorbike girl.jpg */ = {isa = PBXFileReference; lastKnownFileType = image.jpeg; path = "motorbike girl.jpg"; sourceTree = "<group>"; };
		1E63514F1DB77F320095E8D2 /* nguoi-dep-va-sieu-xe-1.jpg */ = {isa = PBXFileReference; lastKnownFileType = image.jpeg; path = "nguoi-dep-va-sieu-xe-1.jpg"; sourceTree = "<group>"; };
		1E6351501DB77F320095E8D2 /* nguoi-dep-va-sieu-xe-12.jpg */ = {isa = PBXFileReference; lastKnownFileType = image.jpeg; path = "nguoi-dep-va-sieu-xe-12.jpg"; sourceTree = "<group>"; };
		1E6351511DB77F320095E8D2 /* NPADucati1098RSD1.jpg */ = {isa = PBXFileReference; lastKnownFileType = image.jpeg; path = NPADucati1098RSD1.jpg; sourceTree = "<group>"; };
		1E6351521DB77F320095E8D2 /* pham_tran_kim_chi_giaoduc.net.vn_4.jpg */ = {isa = PBXFileReference; lastKnownFileType = image.jpeg; path = pham_tran_kim_chi_giaoduc.net.vn_4.jpg; sourceTree = "<group>"; };
		1E6351531DB77F320095E8D2 /* Photo-motorcycle.jpg */ = {isa = PBXFileReference; lastKnownFileType = image.jpeg; path = "Photo-motorcycle.jpg"; sourceTree = "<group>"; };
		1E6351541DB77F320095E8D2 /* pin_up_girl.jpg */ = {isa = PBXFileReference; lastKnownFileType = image.jpeg; path = pin_up_girl.jpg; sourceTree = "<group>"; };
		1E6351551DB77F320095E8D2 /* sexy_girl_and_luxury_car.jpg */ = {isa = PBXFileReference; lastKnownFileType = image.jpeg; path = sexy_girl_and_luxury_car.jpg; sourceTree = "<group>"; };
		1E6351561DB77F320095E8D2 /* sieu-xe-4.jpg */ = {isa = PBXFileReference; lastKnownFileType = image.jpeg; path = "sieu-xe-4.jpg"; sourceTree = "<group>"; };
		1E6351571DB77F320095E8D2 /* Stock-Photo.jpg */ = {isa = PBXFileReference; lastKnownFileType = image.jpeg; path = "Stock-Photo.jpg"; sourceTree = "<group>"; };
		1E6351621DB782370095E8D2 /* Item.swift */ = {isa = PBXFileReference; fileEncoding = 4; lastKnownFileType = sourcecode.swift; path = Item.swift; sourceTree = "<group>"; };
/* End PBXFileReference section */

/* Begin PBXFrameworksBuildPhase section */
		1E6351131DB777E40095E8D2 /* Frameworks */ = {
			isa = PBXFrameworksBuildPhase;
			buildActionMask = 2147483647;
			files = (
			);
			runOnlyForDeploymentPostprocessing = 0;
		};
/* End PBXFrameworksBuildPhase section */

/* Begin PBXGroup section */
		1E63510D1DB777E40095E8D2 = {
			isa = PBXGroup;
			children = (
				1E6351181DB777E40095E8D2 /* MotorShop */,
				1E6351171DB777E40095E8D2 /* Products */,
			);
			sourceTree = "<group>";
		};
		1E6351171DB777E40095E8D2 /* Products */ = {
			isa = PBXGroup;
			children = (
				1E6351161DB777E40095E8D2 /* MotorShop.app */,
			);
			name = Products;
			sourceTree = "<group>";
		};
		1E6351181DB777E40095E8D2 /* MotorShop */ = {
			isa = PBXGroup;
			children = (
				1E6351611DB782200095E8D2 /* Object */,
				1E63512D1DB77C2F0095E8D2 /* Source */,
				1E6351191DB777E40095E8D2 /* AppDelegate.swift */,
				1E63511B1DB777E40095E8D2 /* ViewController.swift */,
				1E63512B1DB77B470095E8D2 /* ViewHome.swift */,
				1E224C191DB8B60800346837 /* ViewScroll.swift */,
				1E63511D1DB777E40095E8D2 /* Main.storyboard */,
				1E6351201DB777E40095E8D2 /* Assets.xcassets */,
				1E6351221DB777E40095E8D2 /* LaunchScreen.storyboard */,
				1E6351251DB777E40095E8D2 /* Info.plist */,
			);
			path = MotorShop;
			sourceTree = "<group>";
		};
		1E63512D1DB77C2F0095E8D2 /* Source */ = {
			isa = PBXGroup;
			children = (
				1E63512E1DB77C720095E8D2 /* items.plist */,
				1E6351301DB77E170095E8D2 /* Shop1 */,
				1E6351311DB77E200095E8D2 /* Shop2 */,
				1E6351321DB77E260095E8D2 /* Shop3 */,
			);
			name = Source;
			sourceTree = "<group>";
		};
		1E6351301DB77E170095E8D2 /* Shop1 */ = {
			isa = PBXGroup;
			children = (
				1E6351331DB77F010095E8D2 /* 2hqdfsqpdehgl.jpg */,
				1E6351341DB77F010095E8D2 /* 4dafc9ca-th.jpg */,
				1E6351361DB77F010095E8D2 /* 011360-full.jpg */,
				1E63514F1DB77F320095E8D2 /* nguoi-dep-va-sieu-xe-1.jpg */,
				1E6351371DB77F010095E8D2 /* autovina.jpg */,
				1E6351381DB77F010095E8D2 /* cars-girl-and-car-jpg-88223.jpg */,
				1E6351391DB77F010095E8D2 /* cars-nissan.jpg */,
			);
			name = Shop1;
			sourceTree = "<group>";
		};
		1E6351311DB77E200095E8D2 /* Shop2 */ = {
			isa = PBXGroup;
			children = (
				1E6351431DB77F1E0095E8D2 /* honda-cbr-600-rr-1.jpg */,
				1E6351411DB77F1E0095E8D2 /* Ghost_Rider.jpg */,
				1E6351421DB77F1E0095E8D2 /* girl-car.jpg */,
				1E6351441DB77F1E0095E8D2 /* modif trend girl5.jpg */,
				1E6351451DB77F1E0095E8D2 /* moto.jpg */,
				1E6351461DB77F1E0095E8D2 /* motor.62057.jpg */,
				1E6351471DB77F1E0095E8D2 /* motorbike girl.jpg */,
			);
			name = Shop2;
			sourceTree = "<group>";
		};
		1E6351321DB77E260095E8D2 /* Shop3 */ = {
			isa = PBXGroup;
			children = (
				1E6351551DB77F320095E8D2 /* sexy_girl_and_luxury_car.jpg */,
				1E6351501DB77F320095E8D2 /* nguoi-dep-va-sieu-xe-12.jpg */,
				1E6351511DB77F320095E8D2 /* NPADucati1098RSD1.jpg */,
				1E6351521DB77F320095E8D2 /* pham_tran_kim_chi_giaoduc.net.vn_4.jpg */,
				1E6351531DB77F320095E8D2 /* Photo-motorcycle.jpg */,
				1E6351541DB77F320095E8D2 /* pin_up_girl.jpg */,
				1E6351561DB77F320095E8D2 /* sieu-xe-4.jpg */,
				1E6351571DB77F320095E8D2 /* Stock-Photo.jpg */,
			);
			name = Shop3;
			sourceTree = "<group>";
		};
		1E6351611DB782200095E8D2 /* Object */ = {
			isa = PBXGroup;
			children = (
				1E6351621DB782370095E8D2 /* Item.swift */,
				1E224C171DB881BE00346837 /* CellItem.swift */,
			);
			name = Object;
			sourceTree = "<group>";
		};
/* End PBXGroup section */

/* Begin PBXNativeTarget section */
		1E6351151DB777E40095E8D2 /* MotorShop */ = {
			isa = PBXNativeTarget;
			buildConfigurationList = 1E6351281DB777E40095E8D2 /* Build configuration list for PBXNativeTarget "MotorShop" */;
			buildPhases = (
				1E6351121DB777E40095E8D2 /* Sources */,
				1E6351131DB777E40095E8D2 /* Frameworks */,
				1E6351141DB777E40095E8D2 /* Resources */,
			);
			buildRules = (
			);
			dependencies = (
			);
			name = MotorShop;
			productName = MotorShop;
			productReference = 1E6351161DB777E40095E8D2 /* MotorShop.app */;
			productType = "com.apple.product-type.application";
		};
/* End PBXNativeTarget section */

/* Begin PBXProject section */
		1E63510E1DB777E40095E8D2 /* Project object */ = {
			isa = PBXProject;
			attributes = {
				LastSwiftUpdateCheck = 0800;
				LastUpgradeCheck = 0800;
				ORGANIZATIONNAME = Duong;
				TargetAttributes = {
					1E6351151DB777E40095E8D2 = {
						CreatedOnToolsVersion = 8.0;
						ProvisioningStyle = Automatic;
					};
				};
			};
			buildConfigurationList = 1E6351111DB777E40095E8D2 /* Build configuration list for PBXProject "MotorShop" */;
			compatibilityVersion = "Xcode 3.2";
			developmentRegion = English;
			hasScannedForEncodings = 0;
			knownRegions = (
				en,
				Base,
			);
			mainGroup = 1E63510D1DB777E40095E8D2;
			productRefGroup = 1E6351171DB777E40095E8D2 /* Products */;
			projectDirPath = "";
			projectRoot = "";
			targets = (
				1E6351151DB777E40095E8D2 /* MotorShop */,
			);
		};
/* End PBXProject section */

/* Begin PBXResourcesBuildPhase section */
		1E6351141DB777E40095E8D2 /* Resources */ = {
			isa = PBXResourcesBuildPhase;
			buildActionMask = 2147483647;
			files = (
				1E63514B1DB77F1E0095E8D2 /* modif trend girl5.jpg in Resources */,
				1E63515B1DB77F320095E8D2 /* pham_tran_kim_chi_giaoduc.net.vn_4.jpg in Resources */,
				1E63513B1DB77F010095E8D2 /* 4dafc9ca-th.jpg in Resources */,
				1E63513D1DB77F010095E8D2 /* 011360-full.jpg in Resources */,
				1E63515A1DB77F320095E8D2 /* NPADucati1098RSD1.jpg in Resources */,
				1E63513A1DB77F010095E8D2 /* 2hqdfsqpdehgl.jpg in Resources */,
				1E63514A1DB77F1E0095E8D2 /* honda-cbr-600-rr-1.jpg in Resources */,
				1E63514D1DB77F1E0095E8D2 /* motor.62057.jpg in Resources */,
				1E6351241DB777E40095E8D2 /* LaunchScreen.storyboard in Resources */,
				1E63514C1DB77F1E0095E8D2 /* moto.jpg in Resources */,
				1E63515C1DB77F320095E8D2 /* Photo-motorcycle.jpg in Resources */,
				1E63515F1DB77F320095E8D2 /* sieu-xe-4.jpg in Resources */,
				1E6351481DB77F1E0095E8D2 /* Ghost_Rider.jpg in Resources */,
				1E6351581DB77F320095E8D2 /* nguoi-dep-va-sieu-xe-1.jpg in Resources */,
				1E63515E1DB77F320095E8D2 /* sexy_girl_and_luxury_car.jpg in Resources */,
				1E63514E1DB77F1E0095E8D2 /* motorbike girl.jpg in Resources */,
				1E63515D1DB77F320095E8D2 /* pin_up_girl.jpg in Resources */,
				1E6351591DB77F320095E8D2 /* nguoi-dep-va-sieu-xe-12.jpg in Resources */,
				1E6351491DB77F1E0095E8D2 /* girl-car.jpg in Resources */,
				1E6351401DB77F010095E8D2 /* cars-nissan.jpg in Resources */,
				1E6351601DB77F320095E8D2 /* Stock-Photo.jpg in Resources */,
				1E6351211DB777E40095E8D2 /* Assets.xcassets in Resources */,
				1E63513F1DB77F010095E8D2 /* cars-girl-and-car-jpg-88223.jpg in Resources */,
				1E63511F1DB777E40095E8D2 /* Main.storyboard in Resources */,
				1E63513E1DB77F010095E8D2 /* autovina.jpg in Resources */,
				1E63512F1DB77C720095E8D2 /* items.plist in Resources */,
			);
			runOnlyForDeploymentPostprocessing = 0;
		};
/* End PBXResourcesBuildPhase section */

/* Begin PBXSourcesBuildPhase section */
		1E6351121DB777E40095E8D2 /* Sources */ = {
			isa = PBXSourcesBuildPhase;
			buildActionMask = 2147483647;
			files = (
				1E224C181DB881BE00346837 /* CellItem.swift in Sources */,
				1E6351631DB782370095E8D2 /* Item.swift in Sources */,
				1E63511C1DB777E40095E8D2 /* ViewController.swift in Sources */,
				1E224C1A1DB8B60800346837 /* ViewScroll.swift in Sources */,
				1E63511A1DB777E40095E8D2 /* AppDelegate.swift in Sources */,
				1E63512C1DB77B470095E8D2 /* ViewHome.swift in Sources */,
			);
			runOnlyForDeploymentPostprocessing = 0;
		};
/* End PBXSourcesBuildPhase section */

/* Begin PBXVariantGroup section */
		1E63511D1DB777E40095E8D2 /* Main.storyboard */ = {
			isa = PBXVariantGroup;
			children = (
				1E63511E1DB777E40095E8D2 /* Base */,
			);
			name = Main.storyboard;
			sourceTree = "<group>";
		};
		1E6351221DB777E40095E8D2 /* LaunchScreen.storyboard */ = {
			isa = PBXVariantGroup;
			children = (
				1E6351231DB777E40095E8D2 /* Base */,
			);
			name = LaunchScreen.storyboard;
			sourceTree = "<group>";
		};
/* End PBXVariantGroup section */

/* Begin XCBuildConfiguration section */
		1E6351261DB777E40095E8D2 /* Debug */ = {
			isa = XCBuildConfiguration;
			buildSettings = {
				ALWAYS_SEARCH_USER_PATHS = NO;
				CLANG_ANALYZER_NONNULL = YES;
				CLANG_CXX_LANGUAGE_STANDARD = "gnu++0x";
				CLANG_CXX_LIBRARY = "libc++";
				CLANG_ENABLE_MODULES = YES;
				CLANG_ENABLE_OBJC_ARC = YES;
				CLANG_WARN_BOOL_CONVERSION = YES;
				CLANG_WARN_CONSTANT_CONVERSION = YES;
				CLANG_WARN_DIRECT_OBJC_ISA_USAGE = YES_ERROR;
				CLANG_WARN_DOCUMENTATION_COMMENTS = YES;
				CLANG_WARN_EMPTY_BODY = YES;
				CLANG_WARN_ENUM_CONVERSION = YES;
				CLANG_WARN_INFINITE_RECURSION = YES;
				CLANG_WARN_INT_CONVERSION = YES;
				CLANG_WARN_OBJC_ROOT_CLASS = YES_ERROR;
				CLANG_WARN_SUSPICIOUS_MOVES = YES;
				CLANG_WARN_UNREACHABLE_CODE = YES;
				CLANG_WARN__DUPLICATE_METHOD_MATCH = YES;
				"CODE_SIGN_IDENTITY[sdk=iphoneos*]" = "iPhone Developer";
				COPY_PHASE_STRIP = NO;
				DEBUG_INFORMATION_FORMAT = dwarf;
				ENABLE_STRICT_OBJC_MSGSEND = YES;
				ENABLE_TESTABILITY = YES;
				GCC_C_LANGUAGE_STANDARD = gnu99;
				GCC_DYNAMIC_NO_PIC = NO;
				GCC_NO_COMMON_BLOCKS = YES;
				GCC_OPTIMIZATION_LEVEL = 0;
				GCC_PREPROCESSOR_DEFINITIONS = (
					"DEBUG=1",
					"$(inherited)",
				);
				GCC_WARN_64_TO_32_BIT_CONVERSION = YES;
				GCC_WARN_ABOUT_RETURN_TYPE = YES_ERROR;
				GCC_WARN_UNDECLARED_SELECTOR = YES;
				GCC_WARN_UNINITIALIZED_AUTOS = YES_AGGRESSIVE;
				GCC_WARN_UNUSED_FUNCTION = YES;
				GCC_WARN_UNUSED_VARIABLE = YES;
				IPHONEOS_DEPLOYMENT_TARGET = 10.0;
				MTL_ENABLE_DEBUG_INFO = YES;
				ONLY_ACTIVE_ARCH = YES;
				SDKROOT = iphoneos;
				SWIFT_ACTIVE_COMPILATION_CONDITIONS = DEBUG;
				SWIFT_OPTIMIZATION_LEVEL = "-Onone";
				TARGETED_DEVICE_FAMILY = "1,2";
			};
			name = Debug;
		};
		1E6351271DB777E40095E8D2 /* Release */ = {
			isa = XCBuildConfiguration;
			buildSettings = {
				ALWAYS_SEARCH_USER_PATHS = NO;
				CLANG_ANALYZER_NONNULL = YES;
				CLANG_CXX_LANGUAGE_STANDARD = "gnu++0x";
				CLANG_CXX_LIBRARY = "libc++";
				CLANG_ENABLE_MODULES = YES;
				CLANG_ENABLE_OBJC_ARC = YES;
				CLANG_WARN_BOOL_CONVERSION = YES;
				CLANG_WARN_CONSTANT_CONVERSION = YES;
				CLANG_WARN_DIRECT_OBJC_ISA_USAGE = YES_ERROR;
				CLANG_WARN_DOCUMENTATION_COMMENTS = YES;
				CLANG_WARN_EMPTY_BODY = YES;
				CLANG_WARN_ENUM_CONVERSION = YES;
				CLANG_WARN_INFINITE_RECURSION = YES;
				CLANG_WARN_INT_CONVERSION = YES;
				CLANG_WARN_OBJC_ROOT_CLASS = YES_ERROR;
				CLANG_WARN_SUSPICIOUS_MOVES = YES;
				CLANG_WARN_UNREACHABLE_CODE = YES;
				CLANG_WARN__DUPLICATE_METHOD_MATCH = YES;
				"CODE_SIGN_IDENTITY[sdk=iphoneos*]" = "iPhone Developer";
				COPY_PHASE_STRIP = NO;
				DEBUG_INFORMATION_FORMAT = "dwarf-with-dsym";
				ENABLE_NS_ASSERTIONS = NO;
				ENABLE_STRICT_OBJC_MSGSEND = YES;
				GCC_C_LANGUAGE_STANDARD = gnu99;
				GCC_NO_COMMON_BLOCKS = YES;
				GCC_WARN_64_TO_32_BIT_CONVERSION = YES;
				GCC_WARN_ABOUT_RETURN_TYPE = YES_ERROR;
				GCC_WARN_UNDECLARED_SELECTOR = YES;
				GCC_WARN_UNINITIALIZED_AUTOS = YES_AGGRESSIVE;
				GCC_WARN_UNUSED_FUNCTION = YES;
				GCC_WARN_UNUSED_VARIABLE = YES;
				IPHONEOS_DEPLOYMENT_TARGET = 10.0;
				MTL_ENABLE_DEBUG_INFO = NO;
				SDKROOT = iphoneos;
				SWIFT_OPTIMIZATION_LEVEL = "-Owholemodule";
				TARGETED_DEVICE_FAMILY = "1,2";
				VALIDATE_PRODUCT = YES;
			};
			name = Release;
		};
		1E6351291DB777E40095E8D2 /* Debug */ = {
			isa = XCBuildConfiguration;
			buildSettings = {
				ASSETCATALOG_COMPILER_APPICON_NAME = AppIcon;
				INFOPLIST_FILE = MotorShop/Info.plist;
				LD_RUNPATH_SEARCH_PATHS = "$(inherited) @executable_path/Frameworks";
				PRODUCT_BUNDLE_IDENTIFIER = com.md.MotorShop;
				PRODUCT_NAME = "$(TARGET_NAME)";
				SWIFT_VERSION = 3.0;
			};
			name = Debug;
		};
		1E63512A1DB777E40095E8D2 /* Release */ = {
			isa = XCBuildConfiguration;
			buildSettings = {
				ASSETCATALOG_COMPILER_APPICON_NAME = AppIcon;
				INFOPLIST_FILE = MotorShop/Info.plist;
				LD_RUNPATH_SEARCH_PATHS = "$(inherited) @executable_path/Frameworks";
				PRODUCT_BUNDLE_IDENTIFIER = com.md.MotorShop;
				PRODUCT_NAME = "$(TARGET_NAME)";
				SWIFT_VERSION = 3.0;
			};
			name = Release;
		};
/* End XCBuildConfiguration section */

/* Begin XCConfigurationList section */
		1E6351111DB777E40095E8D2 /* Build configuration list for PBXProject "MotorShop" */ = {
			isa = XCConfigurationList;
			buildConfigurations = (
				1E6351261DB777E40095E8D2 /* Debug */,
				1E6351271DB777E40095E8D2 /* Release */,
			);
			defaultConfigurationIsVisible = 0;
			defaultConfigurationName = Release;
		};
		1E6351281DB777E40095E8D2 /* Build configuration list for PBXNativeTarget "MotorShop" */ = {
			isa = XCConfigurationList;
			buildConfigurations = (
				1E6351291DB777E40095E8D2 /* Debug */,
				1E63512A1DB777E40095E8D2 /* Release */,
			);
			defaultConfigurationIsVisible = 0;
			defaultConfigurationName = Release;
		};
/* End XCConfigurationList section */
	};
	rootObject = 1E63510E1DB777E40095E8D2 /* Project object */;
}
